
Microsoft Visual Studio Solution File, Format Version 12.00
# Visual Studio 15
VisualStudioVersion = 15.0.26430.13
MinimumVisualStudioVersion = 10.0.40219.1
Project("{FAE04EC0-301F-11D3-BF4B-00C04F79EFBC}") = "mpHandDim_2010", "mpHandDim_2010\mpHandDim_2010.csproj", "{2AC20967-935D-400F-A17F-8DF487CE5AB5}"
EndProject
Project("{FAE04EC0-301F-11D3-BF4B-00C04F79EFBC}") = "mpHandDim_2011", "mpHandDim_2011\mpHandDim_2011.csproj", "{91D4A52D-78C8-4359-8C8C-68BAA7CF553E}"
EndProject
Project("{FAE04EC0-301F-11D3-BF4B-00C04F79EFBC}") = "mpHandDim_2012", "mpHandDim_2012\mpHandDim_2012.csproj", "{87F91298-09DC-4EB7-9ED4-24F51ABE626B}"
EndProject
Project("{FAE04EC0-301F-11D3-BF4B-00C04F79EFBC}") = "mpHandDim_2013", "mpHandDim_2013\mpHandDim_2013.csproj", "{005379A6-A956-466B-910A-1135341407F9}"
EndProject
Project("{FAE04EC0-301F-11D3-BF4B-00C04F79EFBC}") = "mpHandDim_2014", "mpHandDim_2014\mpHandDim_2014.csproj", "{B91C701C-6C72-4313-8F0C-D58D5E806A0B}"
EndProject
Project("{FAE04EC0-301F-11D3-BF4B-00C04F79EFBC}") = "mpHandDim_2015", "mpHandDim_2015\mpHandDim_2015.csproj", "{142E597E-40C0-4829-BFBF-B54C9C44EA30}"
EndProject
Project("{FAE04EC0-301F-11D3-BF4B-00C04F79EFBC}") = "mpHandDim_2016", "mpHandDim_2016\mpHandDim_2016.csproj", "{76BEEAD6-FF17-482D-ADD5-35A195A96A95}"
EndProject
Project("{FAE04EC0-301F-11D3-BF4B-00C04F79EFBC}") = "mpHandDim_2017", "mpHandDim_2017\mpHandDim_2017.csproj", "{F1AF5235-7F29-472E-99B2-769E258040CB}"
EndProject
Project("{FAE04EC0-301F-11D3-BF4B-00C04F79EFBC}") = "mpHandDim_2018", "mpHandDim_2018\mpHandDim_2018.csproj", "{4FC17CC4-43E3-42A2-9CAA-3EE4B29E1753}"
EndProject
Global
	GlobalSection(SolutionConfigurationPlatforms) = preSolution
		Debug|Any CPU = Debug|Any CPU
		Release|Any CPU = Release|Any CPU
	EndGlobalSection
	GlobalSection(ProjectConfigurationPlatforms) = postSolution
		{2AC20967-935D-400F-A17F-8DF487CE5AB5}.Debug|Any CPU.ActiveCfg = Debug|Any CPU
		{2AC20967-935D-400F-A17F-8DF487CE5AB5}.Debug|Any CPU.Build.0 = Debug|Any CPU
		{2AC20967-935D-400F-A17F-8DF487CE5AB5}.Release|Any CPU.ActiveCfg = Release|Any CPU
		{2AC20967-935D-400F-A17F-8DF487CE5AB5}.Release|Any CPU.Build.0 = Release|Any CPU
		{91D4A52D-78C8-4359-8C8C-68BAA7CF553E}.Debug|Any CPU.ActiveCfg = Debug|Any CPU
		{91D4A52D-78C8-4359-8C8C-68BAA7CF553E}.Debug|Any CPU.Build.0 = Debug|Any CPU
		{91D4A52D-78C8-4359-8C8C-68BAA7CF553E}.Release|Any CPU.ActiveCfg = Release|Any CPU
		{91D4A52D-78C8-4359-8C8C-68BAA7CF553E}.Release|Any CPU.Build.0 = Release|Any CPU
		{87F91298-09DC-4EB7-9ED4-24F51ABE626B}.Debug|Any CPU.ActiveCfg = Debug|Any CPU
		{87F91298-09DC-4EB7-9ED4-24F51ABE626B}.Debug|Any CPU.Build.0 = Debug|Any CPU
		{87F91298-09DC-4EB7-9ED4-24F51ABE626B}.Release|Any CPU.ActiveCfg = Release|Any CPU
		{87F91298-09DC-4EB7-9ED4-24F51ABE626B}.Release|Any CPU.Build.0 = Release|Any CPU
		{005379A6-A956-466B-910A-1135341407F9}.Debug|Any CPU.ActiveCfg = Debug|Any CPU
		{005379A6-A956-466B-910A-1135341407F9}.Debug|Any CPU.Build.0 = Debug|Any CPU
		{005379A6-A956-466B-910A-1135341407F9}.Release|Any CPU.ActiveCfg = Release|Any CPU
		{005379A6-A956-466B-910A-1135341407F9}.Release|Any CPU.Build.0 = Release|Any CPU
		{B91C701C-6C72-4313-8F0C-D58D5E806A0B}.Debug|Any CPU.ActiveCfg = Debug|Any CPU
		{B91C701C-6C72-4313-8F0C-D58D5E806A0B}.Debug|Any CPU.Build.0 = Debug|Any CPU
		{B91C701C-6C72-4313-8F0C-D58D5E806A0B}.Release|Any CPU.ActiveCfg = Release|Any CPU
		{B91C701C-6C72-4313-8F0C-D58D5E806A0B}.Release|Any CPU.Build.0 = Release|Any CPU
		{142E597E-40C0-4829-BFBF-B54C9C44EA30}.Debug|Any CPU.ActiveCfg = Debug|Any CPU
		{142E597E-40C0-4829-BFBF-B54C9C44EA30}.Debug|Any CPU.Build.0 = Debug|Any CPU
		{142E597E-40C0-4829-BFBF-B54C9C44EA30}.Release|Any CPU.ActiveCfg = Release|Any CPU
		{142E597E-40C0-4829-BFBF-B54C9C44EA30}.Release|Any CPU.Build.0 = Release|Any CPU
		{76BEEAD6-FF17-482D-ADD5-35A195A96A95}.Debug|Any CPU.ActiveCfg = Debug|Any CPU
		{76BEEAD6-FF17-482D-ADD5-35A195A96A95}.Debug|Any CPU.Build.0 = Debug|Any CPU
		{76BEEAD6-FF17-482D-ADD5-35A195A96A95}.Release|Any CPU.ActiveCfg = Release|Any CPU
		{76BEEAD6-FF17-482D-ADD5-35A195A96A95}.Release|Any CPU.Build.0 = Release|Any CPU
		{F1AF5235-7F29-472E-99B2-769E258040CB}.Debug|Any CPU.ActiveCfg = Debug|Any CPU
		{F1AF5235-7F29-472E-99B2-769E258040CB}.Debug|Any CPU.Build.0 = Debug|Any CPU
		{F1AF5235-7F29-472E-99B2-769E258040CB}.Release|Any CPU.ActiveCfg = Release|Any CPU
		{F1AF5235-7F29-472E-99B2-769E258040CB}.Release|Any CPU.Build.0 = Release|Any CPU
		{4FC17CC4-43E3-42A2-9CAA-3EE4B29E1753}.Debug|Any CPU.ActiveCfg = Debug|Any CPU
		{4FC17CC4-43E3-42A2-9CAA-3EE4B29E1753}.Debug|Any CPU.Build.0 = Debug|Any CPU
		{4FC17CC4-43E3-42A2-9CAA-3EE4B29E1753}.Release|Any CPU.ActiveCfg = Release|Any CPU
		{4FC17CC4-43E3-42A2-9CAA-3EE4B29E1753}.Release|Any CPU.Build.0 = Release|Any CPU
	EndGlobalSection
	GlobalSection(SolutionProperties) = preSolution
		HideSolutionNode = FALSE
	EndGlobalSection
EndGlobal
